
Microsoft Visual Studio Solution File, Format Version 12.00
# Visual Studio Version 17
VisualStudioVersion = 17.3.32811.315
MinimumVisualStudioVersion = 10.0.40219.1
Project("{2150E333-8FDC-42A3-9474-1A3956D46DE8}") = ".certificates", ".certificates", "{9804C491-FB08-47A2-8FEF-861C993EC544}"
	ProjectSection(SolutionItems) = preProject
		.certificates\client-certificate-1.pfx = .certificates\client-certificate-1.pfx
		.certificates\client-certificate-2.pfx = .certificates\client-certificate-2.pfx
		.certificates\client-certificate-3.pfx = .certificates\client-certificate-3.pfx
		.certificates\client-certificate-4.pfx = .certificates\client-certificate-4.pfx
		.certificates\https-certificate.crt = .certificates\https-certificate.crt
		.certificates\https-certificate.key = .certificates\https-certificate.key
		.certificates\intermediate-certificate-1.crt = .certificates\intermediate-certificate-1.crt
		.certificates\intermediate-certificate-2.crt = .certificates\intermediate-certificate-2.crt
		.certificates\intermediate-certificate-3.crt = .certificates\intermediate-certificate-3.crt
		.certificates\intermediate-certificate-4.crt = .certificates\intermediate-certificate-4.crt
		.certificates\root-certificate.crt = .certificates\root-certificate.crt
	EndProjectSection
EndProject
Project("{2150E333-8FDC-42A3-9474-1A3956D46DE8}") = ".root", ".root", "{9703A80A-832C-408A-A36A-5D9AC42AF215}"
	ProjectSection(SolutionItems) = preProject
		.editorconfig = .editorconfig
		.gitignore = .gitignore
		Directory.Build.props = Directory.Build.props
		Directory.Build.targets = Directory.Build.targets
		NuGet.config = NuGet.config
		ReadMe.md = ReadMe.md
	EndProjectSection
EndProject
Project("{2150E333-8FDC-42A3-9474-1A3956D46DE8}") = "Source", "Source", "{8B587968-CEC9-4C5B-9E5A-B4F787DD2737}"
	ProjectSection(SolutionItems) = preProject
		Source\.dockerignore = Source\.dockerignore
	EndProjectSection
EndProject
Project("{9A19103F-16F7-4668-BE54-9A1E7A4F7556}") = "Application", "Source\Application\Application.csproj", "{14AE4F74-3E64-4D41-828D-A7EA4F6A0751}"
EndProject
Project("{9A19103F-16F7-4668-BE54-9A1E7A4F7556}") = "Mtls-Cleanup", "Source\Mtls-Cleanup\Mtls-Cleanup.csproj", "{335F379B-32BF-4539-B7E7-81632D369224}"
EndProject
Project("{9A19103F-16F7-4668-BE54-9A1E7A4F7556}") = "Mtls-Management", "Source\Mtls-Management\Mtls-Management.csproj", "{199C94E9-FBDE-4C28-A204-FF42397F82AA}"
EndProject
Project("{9A19103F-16F7-4668-BE54-9A1E7A4F7556}") = "Mtls-Setup", "Source\Mtls-Setup\Mtls-Setup.csproj", "{9BDA94D6-4061-49D4-94EF-04FFFC2C4B61}"
EndProject
Global
	GlobalSection(SolutionConfigurationPlatforms) = preSolution
		Debug|Any CPU = Debug|Any CPU
		Release|Any CPU = Release|Any CPU
	EndGlobalSection
	GlobalSection(ProjectConfigurationPlatforms) = postSolution
		{14AE4F74-3E64-4D41-828D-A7EA4F6A0751}.Debug|Any CPU.ActiveCfg = Debug|Any CPU
		{14AE4F74-3E64-4D41-828D-A7EA4F6A0751}.Debug|Any CPU.Build.0 = Debug|Any CPU
		{14AE4F74-3E64-4D41-828D-A7EA4F6A0751}.Release|Any CPU.ActiveCfg = Release|Any CPU
		{14AE4F74-3E64-4D41-828D-A7EA4F6A0751}.Release|Any CPU.Build.0 = Release|Any CPU
		{335F379B-32BF-4539-B7E7-81632D369224}.Debug|Any CPU.ActiveCfg = Debug|Any CPU
		{335F379B-32BF-4539-B7E7-81632D369224}.Debug|Any CPU.Build.0 = Debug|Any CPU
		{335F379B-32BF-4539-B7E7-81632D369224}.Release|Any CPU.ActiveCfg = Release|Any CPU
		{335F379B-32BF-4539-B7E7-81632D369224}.Release|Any CPU.Build.0 = Release|Any CPU
		{199C94E9-FBDE-4C28-A204-FF42397F82AA}.Debug|Any CPU.ActiveCfg = Debug|Any CPU
		{199C94E9-FBDE-4C28-A204-FF42397F82AA}.Debug|Any CPU.Build.0 = Debug|Any CPU
		{199C94E9-FBDE-4C28-A204-FF42397F82AA}.Release|Any CPU.ActiveCfg = Release|Any CPU
		{199C94E9-FBDE-4C28-A204-FF42397F82AA}.Release|Any CPU.Build.0 = Release|Any CPU
		{9BDA94D6-4061-49D4-94EF-04FFFC2C4B61}.Debug|Any CPU.ActiveCfg = Debug|Any CPU
		{9BDA94D6-4061-49D4-94EF-04FFFC2C4B61}.Debug|Any CPU.Build.0 = Debug|Any CPU
		{9BDA94D6-4061-49D4-94EF-04FFFC2C4B61}.Release|Any CPU.ActiveCfg = Release|Any CPU
		{9BDA94D6-4061-49D4-94EF-04FFFC2C4B61}.Release|Any CPU.Build.0 = Release|Any CPU
	EndGlobalSection
	GlobalSection(SolutionProperties) = preSolution
		HideSolutionNode = FALSE
	EndGlobalSection
	GlobalSection(NestedProjects) = preSolution
		{14AE4F74-3E64-4D41-828D-A7EA4F6A0751} = {8B587968-CEC9-4C5B-9E5A-B4F787DD2737}
		{335F379B-32BF-4539-B7E7-81632D369224} = {8B587968-CEC9-4C5B-9E5A-B4F787DD2737}
		{199C94E9-FBDE-4C28-A204-FF42397F82AA} = {8B587968-CEC9-4C5B-9E5A-B4F787DD2737}
		{9BDA94D6-4061-49D4-94EF-04FFFC2C4B61} = {8B587968-CEC9-4C5B-9E5A-B4F787DD2737}
	EndGlobalSection
	GlobalSection(ExtensibilityGlobals) = postSolution
		SolutionGuid = {5C852E5E-D522-4E93-A358-76534207B73E}
	EndGlobalSection
EndGlobal
